// !$*UTF8*$!
{
	archiveVersion = 1;
	classes = {
	};
	objectVersion = 77;
	objects = {

/* Begin PBXBuildFile section */
		735ADB802D4A8D6500D1B1B8 /* README.MD in Resources */ = {isa = PBXBuildFile; fileRef = 735ADB7F2D4A8D5C00D1B1B8 /* README.MD */; };
/* End PBXBuildFile section */

/* Begin PBXContainerItemProxy section */
		735ADB622D4A8AD200D1B1B8 /* PBXContainerItemProxy */ = {
			isa = PBXContainerItemProxy;
			containerPortal = 735ADB432D4A8ACF00D1B1B8 /* Project object */;
			proxyType = 1;
			remoteGlobalIDString = 735ADB4A2D4A8ACF00D1B1B8;
			remoteInfo = quizlyapp;
		};
		735ADB6C2D4A8AD200D1B1B8 /* PBXContainerItemProxy */ = {
			isa = PBXContainerItemProxy;
			containerPortal = 735ADB432D4A8ACF00D1B1B8 /* Project object */;
			proxyType = 1;
			remoteGlobalIDString = 735ADB4A2D4A8ACF00D1B1B8;
			remoteInfo = quizlyapp;
		};
/* End PBXContainerItemProxy section */

/* Begin PBXFileReference section */
		735ADB4B2D4A8ACF00D1B1B8 /* quizlyapp.app */ = {isa = PBXFileReference; explicitFileType = wrapper.application; includeInIndex = 0; path = quizlyapp.app; sourceTree = BUILT_PRODUCTS_DIR; };
		735ADB612D4A8AD200D1B1B8 /* quizlyappTests.xctest */ = {isa = PBXFileReference; explicitFileType = wrapper.cfbundle; includeInIndex = 0; path = quizlyappTests.xctest; sourceTree = BUILT_PRODUCTS_DIR; };
		735ADB6B2D4A8AD200D1B1B8 /* quizlyappUITests.xctest */ = {isa = PBXFileReference; explicitFileType = wrapper.cfbundle; includeInIndex = 0; path = quizlyappUITests.xctest; sourceTree = BUILT_PRODUCTS_DIR; };
		735ADB7F2D4A8D5C00D1B1B8 /* README.MD */ = {isa = PBXFileReference; lastKnownFileType = net.daringfireball.markdown; path = README.MD; sourceTree = "<group>"; };
/* End PBXFileReference section */

/* Begin PBXFileSystemSynchronizedBuildFileExceptionSet section */
		735ADB732D4A8AD200D1B1B8 /* Exceptions for "quizlyapp" folder in "quizlyapp" target */ = {
			isa = PBXFileSystemSynchronizedBuildFileExceptionSet;
			membershipExceptions = (
				Info.plist,
			);
			target = 735ADB4A2D4A8ACF00D1B1B8 /* quizlyapp */;
		};
/* End PBXFileSystemSynchronizedBuildFileExceptionSet section */

/* Begin PBXFileSystemSynchronizedRootGroup section */
		735ADB4D2D4A8ACF00D1B1B8 /* quizlyapp */ = {
			isa = PBXFileSystemSynchronizedRootGroup;
			exceptions = (
				735ADB732D4A8AD200D1B1B8 /* Exceptions for "quizlyapp" folder in "quizlyapp" target */,
			);
			path = quizlyapp;
			sourceTree = "<group>";
		};
		735ADB642D4A8AD200D1B1B8 /* quizlyappTests */ = {
			isa = PBXFileSystemSynchronizedRootGroup;
			path = quizlyappTests;
			sourceTree = "<group>";
		};
		735ADB6E2D4A8AD200D1B1B8 /* quizlyappUITests */ = {
			isa = PBXFileSystemSynchronizedRootGroup;
			path = quizlyappUITests;
			sourceTree = "<group>";
		};
/* End PBXFileSystemSynchronizedRootGroup section */

/* Begin PBXFrameworksBuildPhase section */
		735ADB482D4A8ACF00D1B1B8 /* Frameworks */ = {
			isa = PBXFrameworksBuildPhase;
			buildActionMask = 2147483647;
			files = (
			);
			runOnlyForDeploymentPostprocessing = 0;
		};
		735ADB5E2D4A8AD200D1B1B8 /* Frameworks */ = {
			isa = PBXFrameworksBuildPhase;
			buildActionMask = 2147483647;
			files = (
			);
			runOnlyForDeploymentPostprocessing = 0;
		};
		735ADB682D4A8AD200D1B1B8 /* Frameworks */ = {
			isa = PBXFrameworksBuildPhase;
			buildActionMask = 2147483647;
			files = (
			);
			runOnlyForDeploymentPostprocessing = 0;
		};
/* End PBXFrameworksBuildPhase section */

/* Begin PBXGroup section */
		735ADB422D4A8ACF00D1B1B8 = {
			isa = PBXGroup;
			children = (
				735ADB4D2D4A8ACF00D1B1B8 /* quizlyapp */,
				735ADB642D4A8AD200D1B1B8 /* quizlyappTests */,
				735ADB6E2D4A8AD200D1B1B8 /* quizlyappUITests */,
				735ADB4C2D4A8ACF00D1B1B8 /* Products */,
				735ADB7F2D4A8D5C00D1B1B8 /* README.MD */,
			);
			sourceTree = "<group>";
		};
		735ADB4C2D4A8ACF00D1B1B8 /* Products */ = {
			isa = PBXGroup;
			children = (
				735ADB4B2D4A8ACF00D1B1B8 /* quizlyapp.app */,
				735ADB612D4A8AD200D1B1B8 /* quizlyappTests.xctest */,
				735ADB6B2D4A8AD200D1B1B8 /* quizlyappUITests.xctest */,
			);
			name = Products;
			sourceTree = "<group>";
		};
/* End PBXGroup section */

/* Begin PBXNativeTarget section */
		735ADB4A2D4A8ACF00D1B1B8 /* quizlyapp */ = {
			isa = PBXNativeTarget;
			buildConfigurationList = 735ADB742D4A8AD200D1B1B8 /* Build configuration list for PBXNativeTarget "quizlyapp" */;
			buildPhases = (
				735ADB472D4A8ACF00D1B1B8 /* Sources */,
				735ADB482D4A8ACF00D1B1B8 /* Frameworks */,
				735ADB492D4A8ACF00D1B1B8 /* Resources */,
			);
			buildRules = (
			);
			dependencies = (
			);
			fileSystemSynchronizedGroups = (
				735ADB4D2D4A8ACF00D1B1B8 /* quizlyapp */,
			);
			name = quizlyapp;
			packageProductDependencies = (
			);
			productName = quizlyapp;
			productReference = 735ADB4B2D4A8ACF00D1B1B8 /* quizlyapp.app */;
			productType = "com.apple.product-type.application";
		};
		735ADB602D4A8AD200D1B1B8 /* quizlyappTests */ = {
			isa = PBXNativeTarget;
			buildConfigurationList = 735ADB792D4A8AD200D1B1B8 /* Build configuration list for PBXNativeTarget "quizlyappTests" */;
			buildPhases = (
				735ADB5D2D4A8AD200D1B1B8 /* Sources */,
				735ADB5E2D4A8AD200D1B1B8 /* Frameworks */,
				735ADB5F2D4A8AD200D1B1B8 /* Resources */,
			);
			buildRules = (
			);
			dependencies = (
				735ADB632D4A8AD200D1B1B8 /* PBXTargetDependency */,
			);
			fileSystemSynchronizedGroups = (
				735ADB642D4A8AD200D1B1B8 /* quizlyappTests */,
			);
			name = quizlyappTests;
			packageProductDependencies = (
			);
			productName = quizlyappTests;
			productReference = 735ADB612D4A8AD200D1B1B8 /* quizlyappTests.xctest */;
			productType = "com.apple.product-type.bundle.unit-test";
		};
		735ADB6A2D4A8AD200D1B1B8 /* quizlyappUITests */ = {
			isa = PBXNativeTarget;
			buildConfigurationList = 735ADB7C2D4A8AD200D1B1B8 /* Build configuration list for PBXNativeTarget "quizlyappUITests" */;
			buildPhases = (
				735ADB672D4A8AD200D1B1B8 /* Sources */,
				735ADB682D4A8AD200D1B1B8 /* Frameworks */,
				735ADB692D4A8AD200D1B1B8 /* Resources */,
			);
			buildRules = (
			);
			dependencies = (
				735ADB6D2D4A8AD200D1B1B8 /* PBXTargetDependency */,
			);
			fileSystemSynchronizedGroups = (
				735ADB6E2D4A8AD200D1B1B8 /* quizlyappUITests */,
			);
			name = quizlyappUITests;
			packageProductDependencies = (
			);
			productName = quizlyappUITests;
			productReference = 735ADB6B2D4A8AD200D1B1B8 /* quizlyappUITests.xctest */;
			productType = "com.apple.product-type.bundle.ui-testing";
		};
/* End PBXNativeTarget section */

/* Begin PBXProject section */
		735ADB432D4A8ACF00D1B1B8 /* Project object */ = {
			isa = PBXProject;
			attributes = {
				BuildIndependentTargetsInParallel = 1;
				LastSwiftUpdateCheck = 1620;
				LastUpgradeCheck = 1620;
				TargetAttributes = {
					735ADB4A2D4A8ACF00D1B1B8 = {
						CreatedOnToolsVersion = 16.2;
					};
					735ADB602D4A8AD200D1B1B8 = {
						CreatedOnToolsVersion = 16.2;
						TestTargetID = 735ADB4A2D4A8ACF00D1B1B8;
					};
					735ADB6A2D4A8AD200D1B1B8 = {
						CreatedOnToolsVersion = 16.2;
						TestTargetID = 735ADB4A2D4A8ACF00D1B1B8;
					};
				};
			};
			buildConfigurationList = 735ADB462D4A8ACF00D1B1B8 /* Build configuration list for PBXProject "quizlyapp" */;
			developmentRegion = en;
			hasScannedForEncodings = 0;
			knownRegions = (
				en,
				Base,
			);
			mainGroup = 735ADB422D4A8ACF00D1B1B8;
			minimizedProjectReferenceProxies = 1;
			preferredProjectObjectVersion = 77;
			productRefGroup = 735ADB4C2D4A8ACF00D1B1B8 /* Products */;
			projectDirPath = "";
			projectRoot = "";
			targets = (
				735ADB4A2D4A8ACF00D1B1B8 /* quizlyapp */,
				735ADB602D4A8AD200D1B1B8 /* quizlyappTests */,
				735ADB6A2D4A8AD200D1B1B8 /* quizlyappUITests */,
			);
		};
/* End PBXProject section */

/* Begin PBXResourcesBuildPhase section */
		735ADB492D4A8ACF00D1B1B8 /* Resources */ = {
			isa = PBXResourcesBuildPhase;
			buildActionMask = 2147483647;
			files = (
				735ADB802D4A8D6500D1B1B8 /* README.MD in Resources */,
			);
			runOnlyForDeploymentPostprocessing = 0;
		};
		735ADB5F2D4A8AD200D1B1B8 /* Resources */ = {
			isa = PBXResourcesBuildPhase;
			buildActionMask = 2147483647;
			files = (
			);
			runOnlyForDeploymentPostprocessing = 0;
		};
		735ADB692D4A8AD200D1B1B8 /* Resources */ = {
			isa = PBXResourcesBuildPhase;
			buildActionMask = 2147483647;
			files = (
			);
			runOnlyForDeploymentPostprocessing = 0;
		};
/* End PBXResourcesBuildPhase section */

/* Begin PBXSourcesBuildPhase section */
		735ADB472D4A8ACF00D1B1B8 /* Sources */ = {
			isa = PBXSourcesBuildPhase;
			buildActionMask = 2147483647;
			files = (
			);
			runOnlyForDeploymentPostprocessing = 0;
		};
		735ADB5D2D4A8AD200D1B1B8 /* Sources */ = {
			isa = PBXSourcesBuildPhase;
			buildActionMask = 2147483647;
			files = (
			);
			runOnlyForDeploymentPostprocessing = 0;
		};
		735ADB672D4A8AD200D1B1B8 /* Sources */ = {
			isa = PBXSourcesBuildPhase;
			buildActionMask = 2147483647;
			files = (
			);
			runOnlyForDeploymentPostprocessing = 0;
		};
/* End PBXSourcesBuildPhase section */

/* Begin PBXTargetDependency section */
		735ADB632D4A8AD200D1B1B8 /* PBXTargetDependency */ = {
			isa = PBXTargetDependency;
			target = 735ADB4A2D4A8ACF00D1B1B8 /* quizlyapp */;
			targetProxy = 735ADB622D4A8AD200D1B1B8 /* PBXContainerItemProxy */;
		};
		735ADB6D2D4A8AD200D1B1B8 /* PBXTargetDependency */ = {
			isa = PBXTargetDependency;
			target = 735ADB4A2D4A8ACF00D1B1B8 /* quizlyapp */;
			targetProxy = 735ADB6C2D4A8AD200D1B1B8 /* PBXContainerItemProxy */;
		};
/* End PBXTargetDependency section */

/* Begin XCBuildConfiguration section */
		735ADB752D4A8AD200D1B1B8 /* Debug */ = {
			isa = XCBuildConfiguration;
			buildSettings = {
				ASSETCATALOG_COMPILER_APPICON_NAME = AppIcon;
				ASSETCATALOG_COMPILER_GLOBAL_ACCENT_COLOR_NAME = AccentColor;
				CODE_SIGN_STYLE = Automatic;
				CURRENT_PROJECT_VERSION = 1;
				DEVELOPMENT_TEAM = 9N945SGY38;
				GENERATE_INFOPLIST_FILE = YES;
				INFOPLIST_FILE = quizlyapp/Info.plist;
				INFOPLIST_KEY_CFBundleDisplayName = "Quizly!";
				INFOPLIST_KEY_UIApplicationSupportsIndirectInputEvents = YES;
				INFOPLIST_KEY_UILaunchStoryboardName = LaunchScreen;
				INFOPLIST_KEY_UIMainStoryboardFile = Main;
				INFOPLIST_KEY_UISupportedInterfaceOrientations_iPad = "UIInterfaceOrientationPortrait UIInterfaceOrientationPortraitUpsideDown UIInterfaceOrientationLandscapeLeft UIInterfaceOrientationLandscapeRight";
				INFOPLIST_KEY_UISupportedInterfaceOrientations_iPhone = "UIInterfaceOrientationPortrait UIInterfaceOrientationLandscapeLeft UIInterfaceOrientationLandscapeRight";
				IPHONEOS_DEPLOYMENT_TARGET = 16.6;
				LD_RUNPATH_SEARCH_PATHS = (
					"$(inherited)",
					"@executable_path/Frameworks",
				);
				MARKETING_VERSION = 1.0;
				PRODUCT_BUNDLE_IDENTIFIER = com.hajruuudin.quizlyapp;
				PRODUCT_NAME = "$(TARGET_NAME)";
				SUPPORTED_PLATFORMS = "iphoneos iphonesimulator";
				SUPPORTS_MACCATALYST = NO;
				SUPPORTS_MAC_DESIGNED_FOR_IPHONE_IPAD = NO;
				SUPPORTS_XR_DESIGNED_FOR_IPHONE_IPAD = NO;
				SWIFT_EMIT_LOC_STRINGS = YES;
				SWIFT_VERSION = 5.0;
				TARGETED_DEVICE_FAMILY = "1,2";
			};
			name = Debug;
		};
		735ADB762D4A8AD200D1B1B8 /* Release */ = {
			isa = XCBuildConfiguration;
			buildSettings = {
				ASSETCATALOG_COMPILER_APPICON_NAME = AppIcon;
				ASSETCATALOG_COMPILER_GLOBAL_ACCENT_COLOR_NAME = AccentColor;
				CODE_SIGN_STYLE = Automatic;
				CURRENT_PROJECT_VERSION = 1;
				DEVELOPMENT_TEAM = 9N945SGY38;
				GENERATE_INFOPLIST_FILE = YES;
				INFOPLIST_FILE = quizlyapp/Info.plist;
				INFOPLIST_KEY_CFBundleDisplayName = "Quizly!";
				INFOPLIST_KEY_UIApplicationSupportsIndirectInputEvents = YES;
				INFOPLIST_KEY_UILaunchStoryboardName = LaunchScreen;
				INFOPLIST_KEY_UIMainStoryboardFile = Main;
				INFOPLIST_KEY_UISupportedInterfaceOrientations_iPad = "UIInterfaceOrientationPortrait UIInterfaceOrientationPortraitUpsideDown UIInterfaceOrientationLandscapeLeft UIInterfaceOrientationLandscapeRight";
				INFOPLIST_KEY_UISupportedInterfaceOrientations_iPhone = "UIInterfaceOrientationPortrait UIInterfaceOrientationLandscapeLeft UIInterfaceOrientationLandscapeRight";
				IPHONEOS_DEPLOYMENT_TARGET = 16.6;
				LD_RUNPATH_SEARCH_PATHS = (
					"$(inherited)",
					"@executable_path/Frameworks",
				);
				MARKETING_VERSION = 1.0;
				PRODUCT_BUNDLE_IDENTIFIER = com.hajruuudin.quizlyapp;
				PRODUCT_NAME = "$(TARGET_NAME)";
				SUPPORTED_PLATFORMS = "iphoneos iphonesimulator";
				SUPPORTS_MACCATALYST = NO;
				SUPPORTS_MAC_DESIGNED_FOR_IPHONE_IPAD = NO;
				SUPPORTS_XR_DESIGNED_FOR_IPHONE_IPAD = NO;
				SWIFT_EMIT_LOC_STRINGS = YES;
				SWIFT_VERSION = 5.0;
				TARGETED_DEVICE_FAMILY = "1,2";
			};
			name = Release;
		};
		735ADB772D4A8AD200D1B1B8 /* Debug */ = {
			isa = XCBuildConfiguration;
			buildSettings = {
				ALWAYS_SEARCH_USER_PATHS = NO;
				ASSETCATALOG_COMPILER_GENERATE_SWIFT_ASSET_SYMBOL_EXTENSIONS = YES;
				CLANG_ANALYZER_NONNULL = YES;
				CLANG_ANALYZER_NUMBER_OBJECT_CONVERSION = YES_AGGRESSIVE;
				CLANG_CXX_LANGUAGE_STANDARD = "gnu++20";
				CLANG_ENABLE_MODULES = YES;
				CLANG_ENABLE_OBJC_ARC = YES;
				CLANG_ENABLE_OBJC_WEAK = YES;
				CLANG_WARN_BLOCK_CAPTURE_AUTORELEASING = YES;
				CLANG_WARN_BOOL_CONVERSION = YES;
				CLANG_WARN_COMMA = YES;
				CLANG_WARN_CONSTANT_CONVERSION = YES;
				CLANG_WARN_DEPRECATED_OBJC_IMPLEMENTATIONS = YES;
				CLANG_WARN_DIRECT_OBJC_ISA_USAGE = YES_ERROR;
				CLANG_WARN_DOCUMENTATION_COMMENTS = YES;
				CLANG_WARN_EMPTY_BODY = YES;
				CLANG_WARN_ENUM_CONVERSION = YES;
				CLANG_WARN_INFINITE_RECURSION = YES;
				CLANG_WARN_INT_CONVERSION = YES;
				CLANG_WARN_NON_LITERAL_NULL_CONVERSION = YES;
				CLANG_WARN_OBJC_IMPLICIT_RETAIN_SELF = YES;
				CLANG_WARN_OBJC_LITERAL_CONVERSION = YES;
				CLANG_WARN_OBJC_ROOT_CLASS = YES_ERROR;
				CLANG_WARN_QUOTED_INCLUDE_IN_FRAMEWORK_HEADER = YES;
				CLANG_WARN_RANGE_LOOP_ANALYSIS = YES;
				CLANG_WARN_STRICT_PROTOTYPES = YES;
				CLANG_WARN_SUSPICIOUS_MOVE = YES;
				CLANG_WARN_UNGUARDED_AVAILABILITY = YES_AGGRESSIVE;
				CLANG_WARN_UNREACHABLE_CODE = YES;
				CLANG_WARN__DUPLICATE_METHOD_MATCH = YES;
				COPY_PHASE_STRIP = NO;
				DEBUG_INFORMATION_FORMAT = dwarf;
				ENABLE_STRICT_OBJC_MSGSEND = YES;
				ENABLE_TESTABILITY = YES;
				ENABLE_USER_SCRIPT_SANDBOXING = YES;
				GCC_C_LANGUAGE_STANDARD = gnu17;
				GCC_DYNAMIC_NO_PIC = NO;
				GCC_NO_COMMON_BLOCKS = YES;
				GCC_OPTIMIZATION_LEVEL = 0;
				GCC_PREPROCESSOR_DEFINITIONS = (
					"DEBUG=1",
					"$(inherited)",
				);
				GCC_WARN_64_TO_32_BIT_CONVERSION = YES;
				GCC_WARN_ABOUT_RETURN_TYPE = YES_ERROR;
				GCC_WARN_UNDECLARED_SELECTOR = YES;
				GCC_WARN_UNINITIALIZED_AUTOS = YES_AGGRESSIVE;
				GCC_WARN_UNUSED_FUNCTION = YES;
				GCC_WARN_UNUSED_VARIABLE = YES;
				IPHONEOS_DEPLOYMENT_TARGET = 18.2;
				LOCALIZATION_PREFERS_STRING_CATALOGS = YES;
				MTL_ENABLE_DEBUG_INFO = INCLUDE_SOURCE;
				MTL_FAST_MATH = YES;
				ONLY_ACTIVE_ARCH = YES;
				SDKROOT = iphoneos;
				SWIFT_ACTIVE_COMPILATION_CONDITIONS = "DEBUG $(inherited)";
				SWIFT_OPTIMIZATION_LEVEL = "-Onone";
			};
			name = Debug;
		};
		735ADB782D4A8AD200D1B1B8 /* Release */ = {
			isa = XCBuildConfiguration;
			buildSettings = {
				ALWAYS_SEARCH_USER_PATHS = NO;
				ASSETCATALOG_COMPILER_GENERATE_SWIFT_ASSET_SYMBOL_EXTENSIONS = YES;
				CLANG_ANALYZER_NONNULL = YES;
				CLANG_ANALYZER_NUMBER_OBJECT_CONVERSION = YES_AGGRESSIVE;
				CLANG_CXX_LANGUAGE_STANDARD = "gnu++20";
				CLANG_ENABLE_MODULES = YES;
				CLANG_ENABLE_OBJC_ARC = YES;
				CLANG_ENABLE_OBJC_WEAK = YES;
				CLANG_WARN_BLOCK_CAPTURE_AUTORELEASING = YES;
				CLANG_WARN_BOOL_CONVERSION = YES;
				CLANG_WARN_COMMA = YES;
				CLANG_WARN_CONSTANT_CONVERSION = YES;
				CLANG_WARN_DEPRECATED_OBJC_IMPLEMENTATIONS = YES;
				CLANG_WARN_DIRECT_OBJC_ISA_USAGE = YES_ERROR;
				CLANG_WARN_DOCUMENTATION_COMMENTS = YES;
				CLANG_WARN_EMPTY_BODY = YES;
				CLANG_WARN_ENUM_CONVERSION = YES;
				CLANG_WARN_INFINITE_RECURSION = YES;
				CLANG_WARN_INT_CONVERSION = YES;
				CLANG_WARN_NON_LITERAL_NULL_CONVERSION = YES;
				CLANG_WARN_OBJC_IMPLICIT_RETAIN_SELF = YES;
				CLANG_WARN_OBJC_LITERAL_CONVERSION = YES;
				CLANG_WARN_OBJC_ROOT_CLASS = YES_ERROR;
				CLANG_WARN_QUOTED_INCLUDE_IN_FRAMEWORK_HEADER = YES;
				CLANG_WARN_RANGE_LOOP_ANALYSIS = YES;
				CLANG_WARN_STRICT_PROTOTYPES = YES;
				CLANG_WARN_SUSPICIOUS_MOVE = YES;
				CLANG_WARN_UNGUARDED_AVAILABILITY = YES_AGGRESSIVE;
				CLANG_WARN_UNREACHABLE_CODE = YES;
				CLANG_WARN__DUPLICATE_METHOD_MATCH = YES;
				COPY_PHASE_STRIP = NO;
				DEBUG_INFORMATION_FORMAT = "dwarf-with-dsym";
				ENABLE_NS_ASSERTIONS = NO;
				ENABLE_STRICT_OBJC_MSGSEND = YES;
				ENABLE_USER_SCRIPT_SANDBOXING = YES;
				GCC_C_LANGUAGE_STANDARD = gnu17;
				GCC_NO_COMMON_BLOCKS = YES;
				GCC_WARN_64_TO_32_BIT_CONVERSION = YES;
				GCC_WARN_ABOUT_RETURN_TYPE = YES_ERROR;
				GCC_WARN_UNDECLARED_SELECTOR = YES;
				GCC_WARN_UNINITIALIZED_AUTOS = YES_AGGRESSIVE;
				GCC_WARN_UNUSED_FUNCTION = YES;
				GCC_WARN_UNUSED_VARIABLE = YES;
				IPHONEOS_DEPLOYMENT_TARGET = 18.2;
				LOCALIZATION_PREFERS_STRING_CATALOGS = YES;
				MTL_ENABLE_DEBUG_INFO = NO;
				MTL_FAST_MATH = YES;
				SDKROOT = iphoneos;
				SWIFT_COMPILATION_MODE = wholemodule;
				VALIDATE_PRODUCT = YES;
			};
			name = Release;
		};
		735ADB7A2D4A8AD200D1B1B8 /* Debug */ = {
			isa = XCBuildConfiguration;
			buildSettings = {
				BUNDLE_LOADER = "$(TEST_HOST)";
				CODE_SIGN_STYLE = Automatic;
				CURRENT_PROJECT_VERSION = 1;
				DEVELOPMENT_TEAM = 9N945SGY38;
				GENERATE_INFOPLIST_FILE = YES;
				IPHONEOS_DEPLOYMENT_TARGET = 18.2;
				MARKETING_VERSION = 1.0;
				PRODUCT_BUNDLE_IDENTIFIER = com.hajruuudin.quizlyappTests;
				PRODUCT_NAME = "$(TARGET_NAME)";
				SWIFT_EMIT_LOC_STRINGS = NO;
				SWIFT_VERSION = 5.0;
				TARGETED_DEVICE_FAMILY = "1,2";
				TEST_HOST = "$(BUILT_PRODUCTS_DIR)/quizlyapp.app/$(BUNDLE_EXECUTABLE_FOLDER_PATH)/quizlyapp";
			};
			name = Debug;
		};
		735ADB7B2D4A8AD200D1B1B8 /* Release */ = {
			isa = XCBuildConfiguration;
			buildSettings = {
				BUNDLE_LOADER = "$(TEST_HOST)";
				CODE_SIGN_STYLE = Automatic;
				CURRENT_PROJECT_VERSION = 1;
				DEVELOPMENT_TEAM = 9N945SGY38;
				GENERATE_INFOPLIST_FILE = YES;
				IPHONEOS_DEPLOYMENT_TARGET = 18.2;
				MARKETING_VERSION = 1.0;
				PRODUCT_BUNDLE_IDENTIFIER = com.hajruuudin.quizlyappTests;
				PRODUCT_NAME = "$(TARGET_NAME)";
				SWIFT_EMIT_LOC_STRINGS = NO;
				SWIFT_VERSION = 5.0;
				TARGETED_DEVICE_FAMILY = "1,2";
				TEST_HOST = "$(BUILT_PRODUCTS_DIR)/quizlyapp.app/$(BUNDLE_EXECUTABLE_FOLDER_PATH)/quizlyapp";
			};
			name = Release;
		};
		735ADB7D2D4A8AD200D1B1B8 /* Debug */ = {
			isa = XCBuildConfiguration;
			buildSettings = {
				CODE_SIGN_STYLE = Automatic;
				CURRENT_PROJECT_VERSION = 1;
				DEVELOPMENT_TEAM = 9N945SGY38;
				GENERATE_INFOPLIST_FILE = YES;
				MARKETING_VERSION = 1.0;
				PRODUCT_BUNDLE_IDENTIFIER = com.hajruuudin.quizlyappUITests;
				PRODUCT_NAME = "$(TARGET_NAME)";
				SWIFT_EMIT_LOC_STRINGS = NO;
				SWIFT_VERSION = 5.0;
				TARGETED_DEVICE_FAMILY = "1,2";
				TEST_TARGET_NAME = quizlyapp;
			};
			name = Debug;
		};
		735ADB7E2D4A8AD200D1B1B8 /* Release */ = {
			isa = XCBuildConfiguration;
			buildSettings = {
				CODE_SIGN_STYLE = Automatic;
				CURRENT_PROJECT_VERSION = 1;
				DEVELOPMENT_TEAM = 9N945SGY38;
				GENERATE_INFOPLIST_FILE = YES;
				MARKETING_VERSION = 1.0;
				PRODUCT_BUNDLE_IDENTIFIER = com.hajruuudin.quizlyappUITests;
				PRODUCT_NAME = "$(TARGET_NAME)";
				SWIFT_EMIT_LOC_STRINGS = NO;
				SWIFT_VERSION = 5.0;
				TARGETED_DEVICE_FAMILY = "1,2";
				TEST_TARGET_NAME = quizlyapp;
			};
			name = Release;
		};
/* End XCBuildConfiguration section */

/* Begin XCConfigurationList section */
		735ADB462D4A8ACF00D1B1B8 /* Build configuration list for PBXProject "quizlyapp" */ = {
			isa = XCConfigurationList;
			buildConfigurations = (
				735ADB772D4A8AD200D1B1B8 /* Debug */,
				735ADB782D4A8AD200D1B1B8 /* Release */,
			);
			defaultConfigurationIsVisible = 0;
			defaultConfigurationName = Release;
		};
		735ADB742D4A8AD200D1B1B8 /* Build configuration list for PBXNativeTarget "quizlyapp" */ = {
			isa = XCConfigurationList;
			buildConfigurations = (
				735ADB752D4A8AD200D1B1B8 /* Debug */,
				735ADB762D4A8AD200D1B1B8 /* Release */,
			);
			defaultConfigurationIsVisible = 0;
			defaultConfigurationName = Release;
		};
		735ADB792D4A8AD200D1B1B8 /* Build configuration list for PBXNativeTarget "quizlyappTests" */ = {
			isa = XCConfigurationList;
			buildConfigurations = (
				735ADB7A2D4A8AD200D1B1B8 /* Debug */,
				735ADB7B2D4A8AD200D1B1B8 /* Release */,
			);
			defaultConfigurationIsVisible = 0;
			defaultConfigurationName = Release;
		};
		735ADB7C2D4A8AD200D1B1B8 /* Build configuration list for PBXNativeTarget "quizlyappUITests" */ = {
			isa = XCConfigurationList;
			buildConfigurations = (
				735ADB7D2D4A8AD200D1B1B8 /* Debug */,
				735ADB7E2D4A8AD200D1B1B8 /* Release */,
			);
			defaultConfigurationIsVisible = 0;
			defaultConfigurationName = Release;
		};
/* End XCConfigurationList section */
	};
	rootObject = 735ADB432D4A8ACF00D1B1B8 /* Project object */;
}
